
Microsoft Visual Studio Solution File, Format Version 12.00
# Visual Studio Version 16
VisualStudioVersion = 16.0.30717.126
MinimumVisualStudioVersion = 10.0.40219.1
Project("{9A19103F-16F7-4668-BE54-9A1E7A4F7556}") = "Nzh.Lakers", "Nzh.Lakers\Nzh.Lakers.csproj", "{A028470E-4B84-45C7-A4F6-F51CA0474B46}"
EndProject
Project("{2150E333-8FDC-42A3-9474-1A3956D46DE8}") = "仓储层", "仓储层", "{0A57FAA8-87C8-4020-83D4-3EAB5709D05E}"
EndProject
Project("{2150E333-8FDC-42A3-9474-1A3956D46DE8}") = "服务层", "服务层", "{2CDD1685-39AB-4BFF-8620-707C03752648}"
EndProject
Project("{2150E333-8FDC-42A3-9474-1A3956D46DE8}") = "公共方法", "公共方法", "{3A6DB6E9-E153-4EC2-B91E-31B38E326009}"
EndProject
Project("{2150E333-8FDC-42A3-9474-1A3956D46DE8}") = "缓存", "缓存", "{8AD60709-0DAE-4BD1-A270-DE51DBE03814}"
EndProject
Project("{2150E333-8FDC-42A3-9474-1A3956D46DE8}") = "实体层", "实体层", "{8DF36CCB-D77C-40FC-AA41-E6FB27CDFBD4}"
EndProject
Project("{2150E333-8FDC-42A3-9474-1A3956D46DE8}") = "注入服务", "注入服务", "{937668EE-E8B6-4BF5-80C0-4A633DC1A44C}"
EndProject
Project("{9A19103F-16F7-4668-BE54-9A1E7A4F7556}") = "Nzh.Lakers.SqlSugar", "Nzh.Lakers.SqlSugar\Nzh.Lakers.SqlSugar.csproj", "{F16721CE-AA38-4C78-BCC1-2252B8F2405D}"
EndProject
Project("{9A19103F-16F7-4668-BE54-9A1E7A4F7556}") = "Nzh.Lakers.IRepository", "Nzh.Lakers.IRepository\Nzh.Lakers.IRepository.csproj", "{ACA9E202-452C-4697-B1C3-A6B8606C20C4}"
EndProject
Project("{9A19103F-16F7-4668-BE54-9A1E7A4F7556}") = "Nzh.Lakers.Repository", "Nzh.Lakers.Repository\Nzh.Lakers.Repository.csproj", "{350A6A2A-FB0E-4BFC-9888-40F289105AEC}"
EndProject
Project("{9A19103F-16F7-4668-BE54-9A1E7A4F7556}") = "Nzh.Lakers.IService", "Nzh.Lakers.IService\Nzh.Lakers.IService.csproj", "{D326C12E-C69C-479F-907D-C8752B82C66D}"
EndProject
Project("{9A19103F-16F7-4668-BE54-9A1E7A4F7556}") = "Nzh.Lakers.Service", "Nzh.Lakers.Service\Nzh.Lakers.Service.csproj", "{EC392EC8-A4CB-4318-89ED-348C12B7A709}"
EndProject
Project("{9A19103F-16F7-4668-BE54-9A1E7A4F7556}") = "Nzh.Lakers.Util", "Nzh.Lakers.Util\Nzh.Lakers.Util.csproj", "{AE83998B-B419-4F57-B6FB-0581D00E3341}"
EndProject
Project("{9A19103F-16F7-4668-BE54-9A1E7A4F7556}") = "Nzh.Lakers.Factory", "Nzh.Lakers.Factory\Nzh.Lakers.Factory.csproj", "{A4B0861D-75DA-4355-BA21-D44F602B8028}"
EndProject
Project("{9A19103F-16F7-4668-BE54-9A1E7A4F7556}") = "Nzh.Lakers.Cache", "Nzh.Lakers.Cache\Nzh.Lakers.Cache.csproj", "{189609D3-0B48-4847-801F-199D6C362684}"
EndProject
Project("{9A19103F-16F7-4668-BE54-9A1E7A4F7556}") = "Nzh.Lakers.Entity", "Nzh.Lakers.Entity\Nzh.Lakers.Entity.csproj", "{588C5377-7FAE-47AA-9D37-ED4019B76882}"
EndProject
Project("{9A19103F-16F7-4668-BE54-9A1E7A4F7556}") = "Nzh.Lakers.Model", "Nzh.Lakers.Model\Nzh.Lakers.Model.csproj", "{58E9D237-941B-42B9-B6F1-0BBA2FF8F7F5}"
EndProject
Project("{2150E333-8FDC-42A3-9474-1A3956D46DE8}") = "定时任务", "定时任务", "{ABA3A95B-1661-4DE0-859D-3A450196E632}"
EndProject
Project("{2150E333-8FDC-42A3-9474-1A3956D46DE8}") = "消息队列", "消息队列", "{844E29C5-92B5-43A2-A460-917C986B23CC}"
EndProject
Project("{9A19103F-16F7-4668-BE54-9A1E7A4F7556}") = "Nzh.Lakers.Job", "Nzh.Lakers.Job\Nzh.Lakers.Job.csproj", "{E88C9140-EB85-493B-9E30-794F285F9AE7}"
EndProject
Project("{FAE04EC0-301F-11D3-BF4B-00C04F79EFBC}") = "Nzh.Lakers.MQ", "Nzh.Lakers.MQ\Nzh.Lakers.MQ.csproj", "{4E32F934-781D-483D-B437-9472ECA5AAF5}"
EndProject
Global
	GlobalSection(SolutionConfigurationPlatforms) = preSolution
		Debug|Any CPU = Debug|Any CPU
		Release|Any CPU = Release|Any CPU
	EndGlobalSection
	GlobalSection(ProjectConfigurationPlatforms) = postSolution
		{A028470E-4B84-45C7-A4F6-F51CA0474B46}.Debug|Any CPU.ActiveCfg = Debug|Any CPU
		{A028470E-4B84-45C7-A4F6-F51CA0474B46}.Debug|Any CPU.Build.0 = Debug|Any CPU
		{A028470E-4B84-45C7-A4F6-F51CA0474B46}.Release|Any CPU.ActiveCfg = Release|Any CPU
		{A028470E-4B84-45C7-A4F6-F51CA0474B46}.Release|Any CPU.Build.0 = Release|Any CPU
		{F16721CE-AA38-4C78-BCC1-2252B8F2405D}.Debug|Any CPU.ActiveCfg = Debug|Any CPU
		{F16721CE-AA38-4C78-BCC1-2252B8F2405D}.Debug|Any CPU.Build.0 = Debug|Any CPU
		{F16721CE-AA38-4C78-BCC1-2252B8F2405D}.Release|Any CPU.ActiveCfg = Release|Any CPU
		{F16721CE-AA38-4C78-BCC1-2252B8F2405D}.Release|Any CPU.Build.0 = Release|Any CPU
		{ACA9E202-452C-4697-B1C3-A6B8606C20C4}.Debug|Any CPU.ActiveCfg = Debug|Any CPU
		{ACA9E202-452C-4697-B1C3-A6B8606C20C4}.Debug|Any CPU.Build.0 = Debug|Any CPU
		{ACA9E202-452C-4697-B1C3-A6B8606C20C4}.Release|Any CPU.ActiveCfg = Release|Any CPU
		{ACA9E202-452C-4697-B1C3-A6B8606C20C4}.Release|Any CPU.Build.0 = Release|Any CPU
		{350A6A2A-FB0E-4BFC-9888-40F289105AEC}.Debug|Any CPU.ActiveCfg = Debug|Any CPU
		{350A6A2A-FB0E-4BFC-9888-40F289105AEC}.Debug|Any CPU.Build.0 = Debug|Any CPU
		{350A6A2A-FB0E-4BFC-9888-40F289105AEC}.Release|Any CPU.ActiveCfg = Release|Any CPU
		{350A6A2A-FB0E-4BFC-9888-40F289105AEC}.Release|Any CPU.Build.0 = Release|Any CPU
		{D326C12E-C69C-479F-907D-C8752B82C66D}.Debug|Any CPU.ActiveCfg = Debug|Any CPU
		{D326C12E-C69C-479F-907D-C8752B82C66D}.Debug|Any CPU.Build.0 = Debug|Any CPU
		{D326C12E-C69C-479F-907D-C8752B82C66D}.Release|Any CPU.ActiveCfg = Release|Any CPU
		{D326C12E-C69C-479F-907D-C8752B82C66D}.Release|Any CPU.Build.0 = Release|Any CPU
		{EC392EC8-A4CB-4318-89ED-348C12B7A709}.Debug|Any CPU.ActiveCfg = Debug|Any CPU
		{EC392EC8-A4CB-4318-89ED-348C12B7A709}.Debug|Any CPU.Build.0 = Debug|Any CPU
		{EC392EC8-A4CB-4318-89ED-348C12B7A709}.Release|Any CPU.ActiveCfg = Release|Any CPU
		{EC392EC8-A4CB-4318-89ED-348C12B7A709}.Release|Any CPU.Build.0 = Release|Any CPU
		{AE83998B-B419-4F57-B6FB-0581D00E3341}.Debug|Any CPU.ActiveCfg = Debug|Any CPU
		{AE83998B-B419-4F57-B6FB-0581D00E3341}.Debug|Any CPU.Build.0 = Debug|Any CPU
		{AE83998B-B419-4F57-B6FB-0581D00E3341}.Release|Any CPU.ActiveCfg = Release|Any CPU
		{AE83998B-B419-4F57-B6FB-0581D00E3341}.Release|Any CPU.Build.0 = Release|Any CPU
		{A4B0861D-75DA-4355-BA21-D44F602B8028}.Debug|Any CPU.ActiveCfg = Debug|Any CPU
		{A4B0861D-75DA-4355-BA21-D44F602B8028}.Debug|Any CPU.Build.0 = Debug|Any CPU
		{A4B0861D-75DA-4355-BA21-D44F602B8028}.Release|Any CPU.ActiveCfg = Release|Any CPU
		{A4B0861D-75DA-4355-BA21-D44F602B8028}.Release|Any CPU.Build.0 = Release|Any CPU
		{189609D3-0B48-4847-801F-199D6C362684}.Debug|Any CPU.ActiveCfg = Debug|Any CPU
		{189609D3-0B48-4847-801F-199D6C362684}.Debug|Any CPU.Build.0 = Debug|Any CPU
		{189609D3-0B48-4847-801F-199D6C362684}.Release|Any CPU.ActiveCfg = Release|Any CPU
		{189609D3-0B48-4847-801F-199D6C362684}.Release|Any CPU.Build.0 = Release|Any CPU
		{588C5377-7FAE-47AA-9D37-ED4019B76882}.Debug|Any CPU.ActiveCfg = Debug|Any CPU
		{588C5377-7FAE-47AA-9D37-ED4019B76882}.Debug|Any CPU.Build.0 = Debug|Any CPU
		{588C5377-7FAE-47AA-9D37-ED4019B76882}.Release|Any CPU.ActiveCfg = Release|Any CPU
		{588C5377-7FAE-47AA-9D37-ED4019B76882}.Release|Any CPU.Build.0 = Release|Any CPU
		{58E9D237-941B-42B9-B6F1-0BBA2FF8F7F5}.Debug|Any CPU.ActiveCfg = Debug|Any CPU
		{58E9D237-941B-42B9-B6F1-0BBA2FF8F7F5}.Debug|Any CPU.Build.0 = Debug|Any CPU
		{58E9D237-941B-42B9-B6F1-0BBA2FF8F7F5}.Release|Any CPU.ActiveCfg = Release|Any CPU
		{58E9D237-941B-42B9-B6F1-0BBA2FF8F7F5}.Release|Any CPU.Build.0 = Release|Any CPU
		{E88C9140-EB85-493B-9E30-794F285F9AE7}.Debug|Any CPU.ActiveCfg = Debug|Any CPU
		{E88C9140-EB85-493B-9E30-794F285F9AE7}.Debug|Any CPU.Build.0 = Debug|Any CPU
		{E88C9140-EB85-493B-9E30-794F285F9AE7}.Release|Any CPU.ActiveCfg = Release|Any CPU
		{E88C9140-EB85-493B-9E30-794F285F9AE7}.Release|Any CPU.Build.0 = Release|Any CPU
		{4E32F934-781D-483D-B437-9472ECA5AAF5}.Debug|Any CPU.ActiveCfg = Debug|Any CPU
		{4E32F934-781D-483D-B437-9472ECA5AAF5}.Debug|Any CPU.Build.0 = Debug|Any CPU
		{4E32F934-781D-483D-B437-9472ECA5AAF5}.Release|Any CPU.ActiveCfg = Release|Any CPU
		{4E32F934-781D-483D-B437-9472ECA5AAF5}.Release|Any CPU.Build.0 = Release|Any CPU
	EndGlobalSection
	GlobalSection(SolutionProperties) = preSolution
		HideSolutionNode = FALSE
	EndGlobalSection
	GlobalSection(NestedProjects) = preSolution
		{F16721CE-AA38-4C78-BCC1-2252B8F2405D} = {0A57FAA8-87C8-4020-83D4-3EAB5709D05E}
		{ACA9E202-452C-4697-B1C3-A6B8606C20C4} = {0A57FAA8-87C8-4020-83D4-3EAB5709D05E}
		{350A6A2A-FB0E-4BFC-9888-40F289105AEC} = {0A57FAA8-87C8-4020-83D4-3EAB5709D05E}
		{D326C12E-C69C-479F-907D-C8752B82C66D} = {2CDD1685-39AB-4BFF-8620-707C03752648}
		{EC392EC8-A4CB-4318-89ED-348C12B7A709} = {2CDD1685-39AB-4BFF-8620-707C03752648}
		{AE83998B-B419-4F57-B6FB-0581D00E3341} = {3A6DB6E9-E153-4EC2-B91E-31B38E326009}
		{A4B0861D-75DA-4355-BA21-D44F602B8028} = {937668EE-E8B6-4BF5-80C0-4A633DC1A44C}
		{189609D3-0B48-4847-801F-199D6C362684} = {8AD60709-0DAE-4BD1-A270-DE51DBE03814}
		{588C5377-7FAE-47AA-9D37-ED4019B76882} = {8DF36CCB-D77C-40FC-AA41-E6FB27CDFBD4}
		{58E9D237-941B-42B9-B6F1-0BBA2FF8F7F5} = {8DF36CCB-D77C-40FC-AA41-E6FB27CDFBD4}
		{E88C9140-EB85-493B-9E30-794F285F9AE7} = {ABA3A95B-1661-4DE0-859D-3A450196E632}
		{4E32F934-781D-483D-B437-9472ECA5AAF5} = {844E29C5-92B5-43A2-A460-917C986B23CC}
	EndGlobalSection
	GlobalSection(ExtensibilityGlobals) = postSolution
		SolutionGuid = {4E93B4BF-5E20-439F-AEA4-3D7056A9B5AD}
	EndGlobalSection
EndGlobal
